
Microsoft Visual Studio Solution File, Format Version 12.00
# Visual Studio 15
VisualStudioVersion = 15.0.28307.779
MinimumVisualStudioVersion = 10.0.40219.1
Project("{FAE04EC0-301F-11D3-BF4B-00C04F79EFBC}") = "ExchangeRateCalculatorWebApi", "ExchangeRateCalculatorWebApi\ExchangeRateCalculatorWebApi.csproj", "{F6C76FC8-ED89-4FA6-AB94-42A4D6BBD6FC}"
EndProject
Global
	GlobalSection(SolutionConfigurationPlatforms) = preSolution
		Debug|Any CPU = Debug|Any CPU
		Release|Any CPU = Release|Any CPU
	EndGlobalSection
	GlobalSection(ProjectConfigurationPlatforms) = postSolution
		{F6C76FC8-ED89-4FA6-AB94-42A4D6BBD6FC}.Debug|Any CPU.ActiveCfg = Debug|Any CPU
		{F6C76FC8-ED89-4FA6-AB94-42A4D6BBD6FC}.Debug|Any CPU.Build.0 = Debug|Any CPU
		{F6C76FC8-ED89-4FA6-AB94-42A4D6BBD6FC}.Release|Any CPU.ActiveCfg = Release|Any CPU
		{F6C76FC8-ED89-4FA6-AB94-42A4D6BBD6FC}.Release|Any CPU.Build.0 = Release|Any CPU
	EndGlobalSection
	GlobalSection(SolutionProperties) = preSolution
		HideSolutionNode = FALSE
	EndGlobalSection
	GlobalSection(ExtensibilityGlobals) = postSolution
		SolutionGuid = {064379B7-8540-4D8C-B0EC-32E1B46266F8}
	EndGlobalSection
EndGlobal
